
Microsoft Visual Studio Solution File, Format Version 11.00
# Visual Studio 2010
Project("{FAE04EC0-301F-11D3-BF4B-00C04F79EFBC}") = "MobileLiveTraffic", "MobileLiveTraffic\MobileLiveTraffic.csproj", "{5B121C13-028B-4053-82C5-F43594E8E4E7}"
EndProject
Project("{FAE04EC0-301F-11D3-BF4B-00C04F79EFBC}") = "LiveTrafficServices", "LiveTrafficServices\LiveTrafficServices.csproj", "{01D84405-15E5-456F-B31A-0395601BF2F7}"
EndProject
Project("{FAE04EC0-301F-11D3-BF4B-00C04F79EFBC}") = "DAO", "DAO\DAO.csproj", "{50E8F881-9288-44BF-A42E-A2C16D831F5D}"
EndProject
Project("{FAE04EC0-301F-11D3-BF4B-00C04F79EFBC}") = "BUS", "BUS\BUS.csproj", "{6537A0E2-0322-490E-97DD-149F90297555}"
EndProject
Project("{FAE04EC0-301F-11D3-BF4B-00C04F79EFBC}") = "RnD", "RnD\RnD.csproj", "{8CFECBB6-E0B4-49FE-B3D1-72BF9089DD1D}"
EndProject
Global
	GlobalSection(SolutionConfigurationPlatforms) = preSolution
		Debug|Any CPU = Debug|Any CPU
		Release|Any CPU = Release|Any CPU
	EndGlobalSection
	GlobalSection(ProjectConfigurationPlatforms) = postSolution
		{5B121C13-028B-4053-82C5-F43594E8E4E7}.Debug|Any CPU.ActiveCfg = Debug|Any CPU
		{5B121C13-028B-4053-82C5-F43594E8E4E7}.Debug|Any CPU.Build.0 = Debug|Any CPU
		{5B121C13-028B-4053-82C5-F43594E8E4E7}.Debug|Any CPU.Deploy.0 = Debug|Any CPU
		{5B121C13-028B-4053-82C5-F43594E8E4E7}.Release|Any CPU.ActiveCfg = Release|Any CPU
		{5B121C13-028B-4053-82C5-F43594E8E4E7}.Release|Any CPU.Build.0 = Release|Any CPU
		{5B121C13-028B-4053-82C5-F43594E8E4E7}.Release|Any CPU.Deploy.0 = Release|Any CPU
		{01D84405-15E5-456F-B31A-0395601BF2F7}.Debug|Any CPU.ActiveCfg = Debug|Any CPU
		{01D84405-15E5-456F-B31A-0395601BF2F7}.Debug|Any CPU.Build.0 = Debug|Any CPU
		{01D84405-15E5-456F-B31A-0395601BF2F7}.Release|Any CPU.ActiveCfg = Release|Any CPU
		{01D84405-15E5-456F-B31A-0395601BF2F7}.Release|Any CPU.Build.0 = Release|Any CPU
		{50E8F881-9288-44BF-A42E-A2C16D831F5D}.Debug|Any CPU.ActiveCfg = Debug|Any CPU
		{50E8F881-9288-44BF-A42E-A2C16D831F5D}.Debug|Any CPU.Build.0 = Debug|Any CPU
		{50E8F881-9288-44BF-A42E-A2C16D831F5D}.Release|Any CPU.ActiveCfg = Release|Any CPU
		{50E8F881-9288-44BF-A42E-A2C16D831F5D}.Release|Any CPU.Build.0 = Release|Any CPU
		{6537A0E2-0322-490E-97DD-149F90297555}.Debug|Any CPU.ActiveCfg = Debug|Any CPU
		{6537A0E2-0322-490E-97DD-149F90297555}.Debug|Any CPU.Build.0 = Debug|Any CPU
		{6537A0E2-0322-490E-97DD-149F90297555}.Release|Any CPU.ActiveCfg = Release|Any CPU
		{6537A0E2-0322-490E-97DD-149F90297555}.Release|Any CPU.Build.0 = Release|Any CPU
		{8CFECBB6-E0B4-49FE-B3D1-72BF9089DD1D}.Debug|Any CPU.ActiveCfg = Debug|Any CPU
		{8CFECBB6-E0B4-49FE-B3D1-72BF9089DD1D}.Debug|Any CPU.Build.0 = Debug|Any CPU
		{8CFECBB6-E0B4-49FE-B3D1-72BF9089DD1D}.Debug|Any CPU.Deploy.0 = Debug|Any CPU
		{8CFECBB6-E0B4-49FE-B3D1-72BF9089DD1D}.Release|Any CPU.ActiveCfg = Release|Any CPU
		{8CFECBB6-E0B4-49FE-B3D1-72BF9089DD1D}.Release|Any CPU.Build.0 = Release|Any CPU
		{8CFECBB6-E0B4-49FE-B3D1-72BF9089DD1D}.Release|Any CPU.Deploy.0 = Release|Any CPU
	EndGlobalSection
	GlobalSection(SolutionProperties) = preSolution
		HideSolutionNode = FALSE
	EndGlobalSection
EndGlobal
