
Microsoft Visual Studio Solution File, Format Version 11.00
# Visual Studio 2010
Project("{FAE04EC0-301F-11D3-BF4B-00C04F79EFBC}") = "MobileLiveTraffic", "MobileLiveTraffic\MobileLiveTraffic.csproj", "{5B121C13-028B-4053-82C5-F43594E8E4E7}"
	ProjectSection(ProjectDependencies) = postProject
		{01D84405-15E5-456F-B31A-0395601BF2F7} = {01D84405-15E5-456F-B31A-0395601BF2F7}
	EndProjectSection
EndProject
Project("{FAE04EC0-301F-11D3-BF4B-00C04F79EFBC}") = "LiveTrafficServices", "LiveTrafficServices\LiveTrafficServices.csproj", "{01D84405-15E5-456F-B31A-0395601BF2F7}"
EndProject
Project("{FAE04EC0-301F-11D3-BF4B-00C04F79EFBC}") = "DAO", "DAO\DAO.csproj", "{50E8F881-9288-44BF-A42E-A2C16D831F5D}"
EndProject
Project("{FAE04EC0-301F-11D3-BF4B-00C04F79EFBC}") = "BUS", "BUS\BUS.csproj", "{6537A0E2-0322-490E-97DD-149F90297555}"
EndProject
Project("{FAE04EC0-301F-11D3-BF4B-00C04F79EFBC}") = "RnD", "RnD\RnD.csproj", "{8CFECBB6-E0B4-49FE-B3D1-72BF9089DD1D}"
	ProjectSection(ProjectDependencies) = postProject
		{01D84405-15E5-456F-B31A-0395601BF2F7} = {01D84405-15E5-456F-B31A-0395601BF2F7}
	EndProjectSection
EndProject
Project("{FAE04EC0-301F-11D3-BF4B-00C04F79EFBC}") = "Entity", "Entity\Entity.csproj", "{71D6051C-1F72-4483-A6CD-D034FB27F5B9}"
EndProject
Project("{FAE04EC0-301F-11D3-BF4B-00C04F79EFBC}") = "TestServicePhone", "TestServicePhone\TestServicePhone.csproj", "{E3B33D5C-0820-4F82-A5D5-A137B2962E18}"
EndProject
Project("{FAE04EC0-301F-11D3-BF4B-00C04F79EFBC}") = "GenerateDataForTesting", "GenerateDataForTesting\GenerateDataForTesting.csproj", "{59FFFE99-22BE-4864-92F1-D4AFE249DF66}"
	ProjectSection(ProjectDependencies) = postProject
		{01D84405-15E5-456F-B31A-0395601BF2F7} = {01D84405-15E5-456F-B31A-0395601BF2F7}
	EndProjectSection
EndProject
Project("{FAE04EC0-301F-11D3-BF4B-00C04F79EFBC}") = "SilverlightShowTrafficReport", "SilverlightShowTrafficReport\SilverlightShowTrafficReport.csproj", "{CC27884D-98A6-4CF7-B86B-689DEFB767C3}"
	ProjectSection(ProjectDependencies) = postProject
		{01D84405-15E5-456F-B31A-0395601BF2F7} = {01D84405-15E5-456F-B31A-0395601BF2F7}
	EndProjectSection
EndProject
Global
	GlobalSection(SolutionConfigurationPlatforms) = preSolution
		Debug|Any CPU = Debug|Any CPU
		Debug|Mixed Platforms = Debug|Mixed Platforms
		Debug|x86 = Debug|x86
		Release|Any CPU = Release|Any CPU
		Release|Mixed Platforms = Release|Mixed Platforms
		Release|x86 = Release|x86
	EndGlobalSection
	GlobalSection(ProjectConfigurationPlatforms) = postSolution
		{5B121C13-028B-4053-82C5-F43594E8E4E7}.Debug|Any CPU.ActiveCfg = Debug|Any CPU
		{5B121C13-028B-4053-82C5-F43594E8E4E7}.Debug|Any CPU.Build.0 = Debug|Any CPU
		{5B121C13-028B-4053-82C5-F43594E8E4E7}.Debug|Any CPU.Deploy.0 = Debug|Any CPU
		{5B121C13-028B-4053-82C5-F43594E8E4E7}.Debug|Mixed Platforms.ActiveCfg = Debug|Any CPU
		{5B121C13-028B-4053-82C5-F43594E8E4E7}.Debug|Mixed Platforms.Build.0 = Debug|Any CPU
		{5B121C13-028B-4053-82C5-F43594E8E4E7}.Debug|Mixed Platforms.Deploy.0 = Debug|Any CPU
		{5B121C13-028B-4053-82C5-F43594E8E4E7}.Debug|x86.ActiveCfg = Debug|Any CPU
		{5B121C13-028B-4053-82C5-F43594E8E4E7}.Release|Any CPU.ActiveCfg = Release|Any CPU
		{5B121C13-028B-4053-82C5-F43594E8E4E7}.Release|Any CPU.Build.0 = Release|Any CPU
		{5B121C13-028B-4053-82C5-F43594E8E4E7}.Release|Any CPU.Deploy.0 = Release|Any CPU
		{5B121C13-028B-4053-82C5-F43594E8E4E7}.Release|Mixed Platforms.ActiveCfg = Release|Any CPU
		{5B121C13-028B-4053-82C5-F43594E8E4E7}.Release|Mixed Platforms.Build.0 = Release|Any CPU
		{5B121C13-028B-4053-82C5-F43594E8E4E7}.Release|Mixed Platforms.Deploy.0 = Release|Any CPU
		{5B121C13-028B-4053-82C5-F43594E8E4E7}.Release|x86.ActiveCfg = Release|Any CPU
		{01D84405-15E5-456F-B31A-0395601BF2F7}.Debug|Any CPU.ActiveCfg = Debug|Any CPU
		{01D84405-15E5-456F-B31A-0395601BF2F7}.Debug|Any CPU.Build.0 = Debug|Any CPU
		{01D84405-15E5-456F-B31A-0395601BF2F7}.Debug|Mixed Platforms.ActiveCfg = Debug|Any CPU
		{01D84405-15E5-456F-B31A-0395601BF2F7}.Debug|Mixed Platforms.Build.0 = Debug|Any CPU
		{01D84405-15E5-456F-B31A-0395601BF2F7}.Debug|x86.ActiveCfg = Debug|Any CPU
		{01D84405-15E5-456F-B31A-0395601BF2F7}.Release|Any CPU.ActiveCfg = Release|Any CPU
		{01D84405-15E5-456F-B31A-0395601BF2F7}.Release|Any CPU.Build.0 = Release|Any CPU
		{01D84405-15E5-456F-B31A-0395601BF2F7}.Release|Mixed Platforms.ActiveCfg = Release|Any CPU
		{01D84405-15E5-456F-B31A-0395601BF2F7}.Release|Mixed Platforms.Build.0 = Release|Any CPU
		{01D84405-15E5-456F-B31A-0395601BF2F7}.Release|x86.ActiveCfg = Release|Any CPU
		{50E8F881-9288-44BF-A42E-A2C16D831F5D}.Debug|Any CPU.ActiveCfg = Debug|Any CPU
		{50E8F881-9288-44BF-A42E-A2C16D831F5D}.Debug|Any CPU.Build.0 = Debug|Any CPU
		{50E8F881-9288-44BF-A42E-A2C16D831F5D}.Debug|Mixed Platforms.ActiveCfg = Debug|Any CPU
		{50E8F881-9288-44BF-A42E-A2C16D831F5D}.Debug|Mixed Platforms.Build.0 = Debug|Any CPU
		{50E8F881-9288-44BF-A42E-A2C16D831F5D}.Debug|x86.ActiveCfg = Debug|Any CPU
		{50E8F881-9288-44BF-A42E-A2C16D831F5D}.Release|Any CPU.ActiveCfg = Release|Any CPU
		{50E8F881-9288-44BF-A42E-A2C16D831F5D}.Release|Any CPU.Build.0 = Release|Any CPU
		{50E8F881-9288-44BF-A42E-A2C16D831F5D}.Release|Mixed Platforms.ActiveCfg = Release|Any CPU
		{50E8F881-9288-44BF-A42E-A2C16D831F5D}.Release|Mixed Platforms.Build.0 = Release|Any CPU
		{50E8F881-9288-44BF-A42E-A2C16D831F5D}.Release|x86.ActiveCfg = Release|Any CPU
		{6537A0E2-0322-490E-97DD-149F90297555}.Debug|Any CPU.ActiveCfg = Debug|Any CPU
		{6537A0E2-0322-490E-97DD-149F90297555}.Debug|Any CPU.Build.0 = Debug|Any CPU
		{6537A0E2-0322-490E-97DD-149F90297555}.Debug|Mixed Platforms.ActiveCfg = Debug|Any CPU
		{6537A0E2-0322-490E-97DD-149F90297555}.Debug|Mixed Platforms.Build.0 = Debug|Any CPU
		{6537A0E2-0322-490E-97DD-149F90297555}.Debug|x86.ActiveCfg = Debug|Any CPU
		{6537A0E2-0322-490E-97DD-149F90297555}.Release|Any CPU.ActiveCfg = Release|Any CPU
		{6537A0E2-0322-490E-97DD-149F90297555}.Release|Any CPU.Build.0 = Release|Any CPU
		{6537A0E2-0322-490E-97DD-149F90297555}.Release|Mixed Platforms.ActiveCfg = Release|Any CPU
		{6537A0E2-0322-490E-97DD-149F90297555}.Release|Mixed Platforms.Build.0 = Release|Any CPU
		{6537A0E2-0322-490E-97DD-149F90297555}.Release|x86.ActiveCfg = Release|Any CPU
		{8CFECBB6-E0B4-49FE-B3D1-72BF9089DD1D}.Debug|Any CPU.ActiveCfg = Debug|Any CPU
		{8CFECBB6-E0B4-49FE-B3D1-72BF9089DD1D}.Debug|Any CPU.Build.0 = Debug|Any CPU
		{8CFECBB6-E0B4-49FE-B3D1-72BF9089DD1D}.Debug|Any CPU.Deploy.0 = Debug|Any CPU
		{8CFECBB6-E0B4-49FE-B3D1-72BF9089DD1D}.Debug|Mixed Platforms.ActiveCfg = Debug|Any CPU
		{8CFECBB6-E0B4-49FE-B3D1-72BF9089DD1D}.Debug|Mixed Platforms.Build.0 = Debug|Any CPU
		{8CFECBB6-E0B4-49FE-B3D1-72BF9089DD1D}.Debug|Mixed Platforms.Deploy.0 = Debug|Any CPU
		{8CFECBB6-E0B4-49FE-B3D1-72BF9089DD1D}.Debug|x86.ActiveCfg = Debug|Any CPU
		{8CFECBB6-E0B4-49FE-B3D1-72BF9089DD1D}.Release|Any CPU.ActiveCfg = Release|Any CPU
		{8CFECBB6-E0B4-49FE-B3D1-72BF9089DD1D}.Release|Any CPU.Build.0 = Release|Any CPU
		{8CFECBB6-E0B4-49FE-B3D1-72BF9089DD1D}.Release|Any CPU.Deploy.0 = Release|Any CPU
		{8CFECBB6-E0B4-49FE-B3D1-72BF9089DD1D}.Release|Mixed Platforms.ActiveCfg = Release|Any CPU
		{8CFECBB6-E0B4-49FE-B3D1-72BF9089DD1D}.Release|Mixed Platforms.Build.0 = Release|Any CPU
		{8CFECBB6-E0B4-49FE-B3D1-72BF9089DD1D}.Release|Mixed Platforms.Deploy.0 = Release|Any CPU
		{8CFECBB6-E0B4-49FE-B3D1-72BF9089DD1D}.Release|x86.ActiveCfg = Release|Any CPU
		{71D6051C-1F72-4483-A6CD-D034FB27F5B9}.Debug|Any CPU.ActiveCfg = Debug|Any CPU
		{71D6051C-1F72-4483-A6CD-D034FB27F5B9}.Debug|Any CPU.Build.0 = Debug|Any CPU
		{71D6051C-1F72-4483-A6CD-D034FB27F5B9}.Debug|Mixed Platforms.ActiveCfg = Debug|Any CPU
		{71D6051C-1F72-4483-A6CD-D034FB27F5B9}.Debug|Mixed Platforms.Build.0 = Debug|Any CPU
		{71D6051C-1F72-4483-A6CD-D034FB27F5B9}.Debug|x86.ActiveCfg = Debug|Any CPU
		{71D6051C-1F72-4483-A6CD-D034FB27F5B9}.Release|Any CPU.ActiveCfg = Release|Any CPU
		{71D6051C-1F72-4483-A6CD-D034FB27F5B9}.Release|Any CPU.Build.0 = Release|Any CPU
		{71D6051C-1F72-4483-A6CD-D034FB27F5B9}.Release|Mixed Platforms.ActiveCfg = Release|Any CPU
		{71D6051C-1F72-4483-A6CD-D034FB27F5B9}.Release|Mixed Platforms.Build.0 = Release|Any CPU
		{71D6051C-1F72-4483-A6CD-D034FB27F5B9}.Release|x86.ActiveCfg = Release|Any CPU
		{E3B33D5C-0820-4F82-A5D5-A137B2962E18}.Debug|Any CPU.ActiveCfg = Debug|Any CPU
		{E3B33D5C-0820-4F82-A5D5-A137B2962E18}.Debug|Any CPU.Build.0 = Debug|Any CPU
		{E3B33D5C-0820-4F82-A5D5-A137B2962E18}.Debug|Mixed Platforms.ActiveCfg = Debug|Any CPU
		{E3B33D5C-0820-4F82-A5D5-A137B2962E18}.Debug|Mixed Platforms.Build.0 = Debug|Any CPU
		{E3B33D5C-0820-4F82-A5D5-A137B2962E18}.Debug|x86.ActiveCfg = Debug|Any CPU
		{E3B33D5C-0820-4F82-A5D5-A137B2962E18}.Release|Any CPU.ActiveCfg = Release|Any CPU
		{E3B33D5C-0820-4F82-A5D5-A137B2962E18}.Release|Any CPU.Build.0 = Release|Any CPU
		{E3B33D5C-0820-4F82-A5D5-A137B2962E18}.Release|Mixed Platforms.ActiveCfg = Release|Any CPU
		{E3B33D5C-0820-4F82-A5D5-A137B2962E18}.Release|Mixed Platforms.Build.0 = Release|Any CPU
		{E3B33D5C-0820-4F82-A5D5-A137B2962E18}.Release|x86.ActiveCfg = Release|Any CPU
		{59FFFE99-22BE-4864-92F1-D4AFE249DF66}.Debug|Any CPU.ActiveCfg = Debug|x86
		{59FFFE99-22BE-4864-92F1-D4AFE249DF66}.Debug|Mixed Platforms.ActiveCfg = Debug|x86
		{59FFFE99-22BE-4864-92F1-D4AFE249DF66}.Debug|Mixed Platforms.Build.0 = Debug|x86
		{59FFFE99-22BE-4864-92F1-D4AFE249DF66}.Debug|x86.ActiveCfg = Debug|x86
		{59FFFE99-22BE-4864-92F1-D4AFE249DF66}.Debug|x86.Build.0 = Debug|x86
		{59FFFE99-22BE-4864-92F1-D4AFE249DF66}.Release|Any CPU.ActiveCfg = Release|x86
		{59FFFE99-22BE-4864-92F1-D4AFE249DF66}.Release|Mixed Platforms.ActiveCfg = Release|x86
		{59FFFE99-22BE-4864-92F1-D4AFE249DF66}.Release|Mixed Platforms.Build.0 = Release|x86
		{59FFFE99-22BE-4864-92F1-D4AFE249DF66}.Release|x86.ActiveCfg = Release|x86
		{59FFFE99-22BE-4864-92F1-D4AFE249DF66}.Release|x86.Build.0 = Release|x86
		{CC27884D-98A6-4CF7-B86B-689DEFB767C3}.Debug|Any CPU.ActiveCfg = Debug|Any CPU
		{CC27884D-98A6-4CF7-B86B-689DEFB767C3}.Debug|Any CPU.Build.0 = Debug|Any CPU
		{CC27884D-98A6-4CF7-B86B-689DEFB767C3}.Debug|Mixed Platforms.ActiveCfg = Debug|Any CPU
		{CC27884D-98A6-4CF7-B86B-689DEFB767C3}.Debug|Mixed Platforms.Build.0 = Debug|Any CPU
		{CC27884D-98A6-4CF7-B86B-689DEFB767C3}.Debug|x86.ActiveCfg = Debug|Any CPU
		{CC27884D-98A6-4CF7-B86B-689DEFB767C3}.Release|Any CPU.ActiveCfg = Release|Any CPU
		{CC27884D-98A6-4CF7-B86B-689DEFB767C3}.Release|Any CPU.Build.0 = Release|Any CPU
		{CC27884D-98A6-4CF7-B86B-689DEFB767C3}.Release|Mixed Platforms.ActiveCfg = Release|Any CPU
		{CC27884D-98A6-4CF7-B86B-689DEFB767C3}.Release|Mixed Platforms.Build.0 = Release|Any CPU
		{CC27884D-98A6-4CF7-B86B-689DEFB767C3}.Release|x86.ActiveCfg = Release|Any CPU
	EndGlobalSection
	GlobalSection(SolutionProperties) = preSolution
		HideSolutionNode = FALSE
	EndGlobalSection
EndGlobal
